<?xml version="1.0" encoding="UTF-8"?>
<!DOCTYPE plist PUBLIC "-//Apple//DTD PLIST 1.0//EN" "http://www.apple.com/DTDs/PropertyList-1.0.dtd">
<plist version="1.0">
<dict>
	<key>archiveVersion</key>
	<string>1</string>
	<key>classes</key>
	<dict/>
	<key>objectVersion</key>
	<string>46</string>
	<key>objects</key>
	<dict>
		<key>12A95EC26F559C6908D977B8</key>
		<dict>
			<key>fileRef</key>
			<string>AD1413EE419B0D5999EC7716</string>
			<key>isa</key>
			<string>PBXBuildFile</string>
		</dict>
		<key>2813C02616732256EFC21FDC</key>
		<dict>
			<key>buildActionMask</key>
			<string>2147483647</string>
			<key>files</key>
			<array/>
			<key>inputPaths</key>
			<array/>
			<key>isa</key>
			<string>PBXShellScriptBuildPhase</string>
			<key>name</key>
			<string>Embed Pods Frameworks</string>
			<key>outputPaths</key>
			<array/>
			<key>runOnlyForDeploymentPostprocessing</key>
			<string>0</string>
			<key>shellPath</key>
			<string>/bin/sh</string>
			<key>shellScript</key>
			<string>"${SRCROOT}/Pods/Target Support Files/Pods/Pods-frameworks.sh"
</string>
			<key>showEnvVarsInLog</key>
			<string>0</string>
		</dict>
		<key>34726FBE23009B7FDAFF5073</key>
		<dict>
			<key>children</key>
			<array>
				<string>AD1413EE419B0D5999EC7716</string>
			</array>
			<key>isa</key>
			<string>PBXGroup</string>
			<key>name</key>
			<string>Frameworks</string>
			<key>sourceTree</key>
			<string>&lt;group&gt;</string>
		</dict>
		<key>A814D5B2ACC5820B7D8C2A7B</key>
		<dict>
			<key>buildActionMask</key>
			<string>2147483647</string>
			<key>files</key>
			<array/>
			<key>inputPaths</key>
			<array/>
			<key>isa</key>
			<string>PBXShellScriptBuildPhase</string>
			<key>name</key>
			<string>Copy Pods Resources</string>
			<key>outputPaths</key>
			<array/>
			<key>runOnlyForDeploymentPostprocessing</key>
			<string>0</string>
			<key>shellPath</key>
			<string>/bin/sh</string>
			<key>shellScript</key>
			<string>"${SRCROOT}/Pods/Target Support Files/Pods/Pods-resources.sh"
</string>
			<key>showEnvVarsInLog</key>
			<string>0</string>
		</dict>
		<key>AD1413EE419B0D5999EC7716</key>
		<dict>
			<key>explicitFileType</key>
			<string>archive.ar</string>
			<key>includeInIndex</key>
			<string>0</string>
			<key>isa</key>
			<string>PBXFileReference</string>
			<key>path</key>
			<string>libPods.a</string>
			<key>sourceTree</key>
			<string>BUILT_PRODUCTS_DIR</string>
		</dict>
		<key>C1353E96D9C988BA9729A1D8</key>
		<dict>
			<key>buildActionMask</key>
			<string>2147483647</string>
			<key>files</key>
			<array/>
			<key>inputPaths</key>
			<array/>
			<key>isa</key>
			<string>PBXShellScriptBuildPhase</string>
			<key>name</key>
			<string>Check Pods Manifest.lock</string>
			<key>outputPaths</key>
			<array/>
			<key>runOnlyForDeploymentPostprocessing</key>
			<string>0</string>
			<key>shellPath</key>
			<string>/bin/sh</string>
			<key>shellScript</key>
			<string>diff "${PODS_ROOT}/../Podfile.lock" "${PODS_ROOT}/Manifest.lock" &gt; /dev/null
if [[ $? != 0 ]] ; then
    cat &lt;&lt; EOM
error: The sandbox is not in sync with the Podfile.lock. Run 'pod install' or update your CocoaPods installation.
EOM
    exit 1
fi
</string>
			<key>showEnvVarsInLog</key>
			<string>0</string>
		</dict>
		<key>CA2E43C217BF8DC3C34CF0BB</key>
		<dict>
			<key>children</key>
			<array>
				<string>ECE570E8BE4F59004740EC84</string>
				<string>E1BC15FC0800B28C0C0DAB74</string>
			</array>
			<key>isa</key>
			<string>PBXGroup</string>
			<key>name</key>
			<string>Pods</string>
			<key>sourceTree</key>
			<string>&lt;group&gt;</string>
		</dict>
		<key>D40ECEA21CEC7BAD005EE4CB</key>
		<dict>
			<key>fileEncoding</key>
			<string>4</string>
			<key>isa</key>
			<string>PBXFileReference</string>
			<key>lastKnownFileType</key>
			<string>sourcecode.c.h</string>
			<key>path</key>
			<string>NSString+ZC_Tool.h</string>
			<key>sourceTree</key>
			<string>&lt;group&gt;</string>
		</dict>
		<key>D40ECEA31CEC7BAD005EE4CB</key>
		<dict>
			<key>fileEncoding</key>
			<string>4</string>
			<key>isa</key>
			<string>PBXFileReference</string>
			<key>lastKnownFileType</key>
			<string>sourcecode.c.objc</string>
			<key>path</key>
			<string>NSString+ZC_Tool.m</string>
			<key>sourceTree</key>
			<string>&lt;group&gt;</string>
		</dict>
		<key>D40ECEA41CEC7BAE005EE4CB</key>
		<dict>
			<key>fileRef</key>
			<string>D40ECEA31CEC7BAD005EE4CB</string>
			<key>isa</key>
			<string>PBXBuildFile</string>
		</dict>
		<key>D47FF0581CDC8B6700DE227C</key>
		<dict>
			<key>children</key>
			<array>
				<string>D47FF0631CDC8B6700DE227C</string>
				<string>D47FF07D1CDC8B6700DE227C</string>
				<string>D47FF0881CDC8B6700DE227C</string>
				<string>D47FF0621CDC8B6700DE227C</string>
				<string>CA2E43C217BF8DC3C34CF0BB</string>
				<string>34726FBE23009B7FDAFF5073</string>
			</array>
			<key>isa</key>
			<string>PBXGroup</string>
			<key>sourceTree</key>
			<string>&lt;group&gt;</string>
		</dict>
		<key>D47FF0591CDC8B6700DE227C</key>
		<dict>
			<key>attributes</key>
			<dict>
				<key>LastUpgradeCheck</key>
				<string>0730</string>
				<key>ORGANIZATIONNAME</key>
				<string>zhangchao</string>
				<key>TargetAttributes</key>
				<dict>
					<key>D47FF0601CDC8B6700DE227C</key>
					<dict>
						<key>CreatedOnToolsVersion</key>
						<string>7.3</string>
					</dict>
					<key>D47FF0791CDC8B6700DE227C</key>
					<dict>
						<key>CreatedOnToolsVersion</key>
						<string>7.3</string>
						<key>TestTargetID</key>
						<string>D47FF0601CDC8B6700DE227C</string>
					</dict>
					<key>D47FF0841CDC8B6700DE227C</key>
					<dict>
						<key>CreatedOnToolsVersion</key>
						<string>7.3</string>
						<key>TestTargetID</key>
						<string>D47FF0601CDC8B6700DE227C</string>
					</dict>
				</dict>
			</dict>
			<key>buildConfigurationList</key>
			<string>D47FF05C1CDC8B6700DE227C</string>
			<key>compatibilityVersion</key>
			<string>Xcode 3.2</string>
			<key>developmentRegion</key>
			<string>English</string>
			<key>hasScannedForEncodings</key>
			<string>0</string>
			<key>isa</key>
			<string>PBXProject</string>
			<key>knownRegions</key>
			<array>
				<string>en</string>
				<string>Base</string>
			</array>
			<key>mainGroup</key>
			<string>D47FF0581CDC8B6700DE227C</string>
			<key>productRefGroup</key>
			<string>D47FF0621CDC8B6700DE227C</string>
			<key>projectDirPath</key>
			<string></string>
			<key>projectReferences</key>
			<array/>
			<key>projectRoot</key>
			<string></string>
			<key>targets</key>
			<array>
				<string>D47FF0601CDC8B6700DE227C</string>
				<string>D47FF0791CDC8B6700DE227C</string>
				<string>D47FF0841CDC8B6700DE227C</string>
			</array>
		</dict>
		<key>D47FF05C1CDC8B6700DE227C</key>
		<dict>
			<key>buildConfigurations</key>
			<array>
				<string>D47FF08C1CDC8B6700DE227C</string>
				<string>D47FF08D1CDC8B6700DE227C</string>
			</array>
			<key>defaultConfigurationIsVisible</key>
			<string>0</string>
			<key>defaultConfigurationName</key>
			<string>Release</string>
			<key>isa</key>
			<string>XCConfigurationList</string>
		</dict>
		<key>D47FF05D1CDC8B6700DE227C</key>
		<dict>
			<key>buildActionMask</key>
			<string>2147483647</string>
			<key>files</key>
			<array>
				<string>D48871411CED595400CDD674</string>
				<string>D4D2E1541CE1DC64002E9FE2</string>
				<string>D488714C1CED5CD500CDD674</string>
				<string>D47FF0B21CDC8C3E00DE227C</string>
				<string>D47FF0AE1CDC8C0E00DE227C</string>
				<string>D4F9E0211CF30E3E003462B3</string>
				<string>D47FF0661CDC8B6700DE227C</string>
				<string>D47FF0AF1CDC8C0E00DE227C</string>
				<string>D488714F1CED5D3600CDD674</string>
				<string>D488713B1CED578100CDD674</string>
				<string>D47FF0AA1CDC8C0E00DE227C</string>
				<string>D47FF09A1CDC8C0100DE227C</string>
				<string>D47FF0AC1CDC8C0E00DE227C</string>
				<string>D47FF0AB1CDC8C0E00DE227C</string>
				<string>D4D2E1511CE1DC27002E9FE2</string>
				<string>D40ECEA41CEC7BAE005EE4CB</string>
				<string>D47FF0AD1CDC8C0E00DE227C</string>
				<string>D488713E1CED587F00CDD674</string>
			</array>
			<key>isa</key>
			<string>PBXSourcesBuildPhase</string>
			<key>runOnlyForDeploymentPostprocessing</key>
			<string>0</string>
		</dict>
		<key>D47FF05E1CDC8B6700DE227C</key>
		<dict>
			<key>buildActionMask</key>
			<string>2147483647</string>
			<key>files</key>
			<array>
				<string>12A95EC26F559C6908D977B8</string>
			</array>
			<key>isa</key>
			<string>PBXFrameworksBuildPhase</string>
			<key>runOnlyForDeploymentPostprocessing</key>
			<string>0</string>
		</dict>
		<key>D47FF05F1CDC8B6700DE227C</key>
		<dict>
			<key>buildActionMask</key>
			<string>2147483647</string>
			<key>files</key>
			<array>
				<string>D47FF0741CDC8B6700DE227C</string>
				<string>D47FF0711CDC8B6700DE227C</string>
				<string>D47FF06F1CDC8B6700DE227C</string>
			</array>
			<key>isa</key>
			<string>PBXResourcesBuildPhase</string>
			<key>runOnlyForDeploymentPostprocessing</key>
			<string>0</string>
		</dict>
		<key>D47FF0601CDC8B6700DE227C</key>
		<dict>
			<key>buildConfigurationList</key>
			<string>D47FF08E1CDC8B6700DE227C</string>
			<key>buildPhases</key>
			<array>
				<string>C1353E96D9C988BA9729A1D8</string>
				<string>D47FF05D1CDC8B6700DE227C</string>
				<string>D47FF05E1CDC8B6700DE227C</string>
				<string>D47FF05F1CDC8B6700DE227C</string>
				<string>2813C02616732256EFC21FDC</string>
				<string>A814D5B2ACC5820B7D8C2A7B</string>
			</array>
			<key>buildRules</key>
			<array/>
			<key>dependencies</key>
			<array/>
			<key>isa</key>
			<string>PBXNativeTarget</string>
			<key>name</key>
			<string>ZCSelfUSE</string>
			<key>productName</key>
			<string>ZCSelfUSE</string>
			<key>productReference</key>
			<string>D47FF0611CDC8B6700DE227C</string>
			<key>productType</key>
			<string>com.apple.product-type.application</string>
		</dict>
		<key>D47FF0611CDC8B6700DE227C</key>
		<dict>
			<key>explicitFileType</key>
			<string>wrapper.application</string>
			<key>includeInIndex</key>
			<string>0</string>
			<key>isa</key>
			<string>PBXFileReference</string>
			<key>path</key>
			<string>ZCSelfUSE.app</string>
			<key>sourceTree</key>
			<string>BUILT_PRODUCTS_DIR</string>
		</dict>
		<key>D47FF0621CDC8B6700DE227C</key>
		<dict>
			<key>children</key>
			<array>
				<string>D47FF0611CDC8B6700DE227C</string>
				<string>D47FF07A1CDC8B6700DE227C</string>
				<string>D47FF0851CDC8B6700DE227C</string>
			</array>
			<key>isa</key>
			<string>PBXGroup</string>
			<key>name</key>
			<string>Products</string>
			<key>sourceTree</key>
			<string>&lt;group&gt;</string>
		</dict>
		<key>D47FF0631CDC8B6700DE227C</key>
		<dict>
			<key>children</key>
			<array>
				<string>D47FF0971CDC8C0100DE227C</string>
				<string>D47FF09B1CDC8C0E00DE227C</string>
				<string>D47FF0B01CDC8C3E00DE227C</string>
				<string>D47FF0B11CDC8C3E00DE227C</string>
				<string>D47FF06D1CDC8B6700DE227C</string>
				<string>D47FF0701CDC8B6700DE227C</string>
				<string>D47FF0721CDC8B6700DE227C</string>
				<string>D47FF0751CDC8B6700DE227C</string>
				<string>D47FF0641CDC8B6700DE227C</string>
			</array>
			<key>isa</key>
			<string>PBXGroup</string>
			<key>path</key>
			<string>ZCSelfUSE</string>
			<key>sourceTree</key>
			<string>&lt;group&gt;</string>
		</dict>
		<key>D47FF0641CDC8B6700DE227C</key>
		<dict>
			<key>children</key>
			<array>
				<string>D47FF0651CDC8B6700DE227C</string>
			</array>
			<key>isa</key>
			<string>PBXGroup</string>
			<key>name</key>
			<string>Supporting Files</string>
			<key>sourceTree</key>
			<string>&lt;group&gt;</string>
		</dict>
		<key>D47FF0651CDC8B6700DE227C</key>
		<dict>
			<key>isa</key>
			<string>PBXFileReference</string>
			<key>lastKnownFileType</key>
			<string>sourcecode.c.objc</string>
			<key>path</key>
			<string>main.m</string>
			<key>sourceTree</key>
			<string>&lt;group&gt;</string>
		</dict>
		<key>D47FF0661CDC8B6700DE227C</key>
		<dict>
			<key>fileRef</key>
			<string>D47FF0651CDC8B6700DE227C</string>
			<key>isa</key>
			<string>PBXBuildFile</string>
		</dict>
		<key>D47FF06D1CDC8B6700DE227C</key>
		<dict>
			<key>children</key>
			<array>
				<string>D47FF06E1CDC8B6700DE227C</string>
			</array>
			<key>isa</key>
			<string>PBXVariantGroup</string>
			<key>name</key>
			<string>Main.storyboard</string>
			<key>sourceTree</key>
			<string>&lt;group&gt;</string>
		</dict>
		<key>D47FF06E1CDC8B6700DE227C</key>
		<dict>
			<key>isa</key>
			<string>PBXFileReference</string>
			<key>lastKnownFileType</key>
			<string>file.storyboard</string>
			<key>name</key>
			<string>Base</string>
			<key>path</key>
			<string>Base.lproj/Main.storyboard</string>
			<key>sourceTree</key>
			<string>&lt;group&gt;</string>
		</dict>
		<key>D47FF06F1CDC8B6700DE227C</key>
		<dict>
			<key>fileRef</key>
			<string>D47FF06D1CDC8B6700DE227C</string>
			<key>isa</key>
			<string>PBXBuildFile</string>
		</dict>
		<key>D47FF0701CDC8B6700DE227C</key>
		<dict>
			<key>isa</key>
			<string>PBXFileReference</string>
			<key>lastKnownFileType</key>
			<string>folder.assetcatalog</string>
			<key>path</key>
			<string>Assets.xcassets</string>
			<key>sourceTree</key>
			<string>&lt;group&gt;</string>
		</dict>
		<key>D47FF0711CDC8B6700DE227C</key>
		<dict>
			<key>fileRef</key>
			<string>D47FF0701CDC8B6700DE227C</string>
			<key>isa</key>
			<string>PBXBuildFile</string>
		</dict>
		<key>D47FF0721CDC8B6700DE227C</key>
		<dict>
			<key>children</key>
			<array>
				<string>D47FF0731CDC8B6700DE227C</string>
			</array>
			<key>isa</key>
			<string>PBXVariantGroup</string>
			<key>name</key>
			<string>LaunchScreen.storyboard</string>
			<key>sourceTree</key>
			<string>&lt;group&gt;</string>
		</dict>
		<key>D47FF0731CDC8B6700DE227C</key>
		<dict>
			<key>isa</key>
			<string>PBXFileReference</string>
			<key>lastKnownFileType</key>
			<string>file.storyboard</string>
			<key>name</key>
			<string>Base</string>
			<key>path</key>
			<string>Base.lproj/LaunchScreen.storyboard</string>
			<key>sourceTree</key>
			<string>&lt;group&gt;</string>
		</dict>
		<key>D47FF0741CDC8B6700DE227C</key>
		<dict>
			<key>fileRef</key>
			<string>D47FF0721CDC8B6700DE227C</string>
			<key>isa</key>
			<string>PBXBuildFile</string>
		</dict>
		<key>D47FF0751CDC8B6700DE227C</key>
		<dict>
			<key>isa</key>
			<string>PBXFileReference</string>
			<key>lastKnownFileType</key>
			<string>text.plist.xml</string>
			<key>path</key>
			<string>Info.plist</string>
			<key>sourceTree</key>
			<string>&lt;group&gt;</string>
		</dict>
		<key>D47FF0761CDC8B6700DE227C</key>
		<dict>
			<key>buildActionMask</key>
			<string>2147483647</string>
			<key>files</key>
			<array>
				<string>D47FF07F1CDC8B6700DE227C</string>
			</array>
			<key>isa</key>
			<string>PBXSourcesBuildPhase</string>
			<key>runOnlyForDeploymentPostprocessing</key>
			<string>0</string>
		</dict>
		<key>D47FF0771CDC8B6700DE227C</key>
		<dict>
			<key>buildActionMask</key>
			<string>2147483647</string>
			<key>files</key>
			<array/>
			<key>isa</key>
			<string>PBXFrameworksBuildPhase</string>
			<key>runOnlyForDeploymentPostprocessing</key>
			<string>0</string>
		</dict>
		<key>D47FF0781CDC8B6700DE227C</key>
		<dict>
			<key>buildActionMask</key>
			<string>2147483647</string>
			<key>files</key>
			<array/>
			<key>isa</key>
			<string>PBXResourcesBuildPhase</string>
			<key>runOnlyForDeploymentPostprocessing</key>
			<string>0</string>
		</dict>
		<key>D47FF0791CDC8B6700DE227C</key>
		<dict>
			<key>buildConfigurationList</key>
			<string>D47FF0911CDC8B6700DE227C</string>
			<key>buildPhases</key>
			<array>
				<string>D47FF0761CDC8B6700DE227C</string>
				<string>D47FF0771CDC8B6700DE227C</string>
				<string>D47FF0781CDC8B6700DE227C</string>
			</array>
			<key>buildRules</key>
			<array/>
			<key>dependencies</key>
			<array>
				<string>D47FF07C1CDC8B6700DE227C</string>
			</array>
			<key>isa</key>
			<string>PBXNativeTarget</string>
			<key>name</key>
			<string>ZCSelfUSETests</string>
			<key>productName</key>
			<string>ZCSelfUSETests</string>
			<key>productReference</key>
			<string>D47FF07A1CDC8B6700DE227C</string>
			<key>productType</key>
			<string>com.apple.product-type.bundle.unit-test</string>
		</dict>
		<key>D47FF07A1CDC8B6700DE227C</key>
		<dict>
			<key>explicitFileType</key>
			<string>wrapper.cfbundle</string>
			<key>includeInIndex</key>
			<string>0</string>
			<key>isa</key>
			<string>PBXFileReference</string>
			<key>path</key>
			<string>ZCSelfUSETests.xctest</string>
			<key>sourceTree</key>
			<string>BUILT_PRODUCTS_DIR</string>
		</dict>
		<key>D47FF07B1CDC8B6700DE227C</key>
		<dict>
			<key>containerPortal</key>
			<string>D47FF0591CDC8B6700DE227C</string>
			<key>isa</key>
			<string>PBXContainerItemProxy</string>
			<key>proxyType</key>
			<string>1</string>
			<key>remoteGlobalIDString</key>
			<string>D47FF0601CDC8B6700DE227C</string>
			<key>remoteInfo</key>
			<string>ZCSelfUSE</string>
		</dict>
		<key>D47FF07C1CDC8B6700DE227C</key>
		<dict>
			<key>isa</key>
			<string>PBXTargetDependency</string>
			<key>target</key>
			<string>D47FF0601CDC8B6700DE227C</string>
			<key>targetProxy</key>
			<string>D47FF07B1CDC8B6700DE227C</string>
		</dict>
		<key>D47FF07D1CDC8B6700DE227C</key>
		<dict>
			<key>children</key>
			<array>
				<string>D47FF07E1CDC8B6700DE227C</string>
				<string>D47FF0801CDC8B6700DE227C</string>
			</array>
			<key>isa</key>
			<string>PBXGroup</string>
			<key>path</key>
			<string>ZCSelfUSETests</string>
			<key>sourceTree</key>
			<string>&lt;group&gt;</string>
		</dict>
		<key>D47FF07E1CDC8B6700DE227C</key>
		<dict>
			<key>isa</key>
			<string>PBXFileReference</string>
			<key>lastKnownFileType</key>
			<string>sourcecode.c.objc</string>
			<key>path</key>
			<string>ZCSelfUSETests.m</string>
			<key>sourceTree</key>
			<string>&lt;group&gt;</string>
		</dict>
		<key>D47FF07F1CDC8B6700DE227C</key>
		<dict>
			<key>fileRef</key>
			<string>D47FF07E1CDC8B6700DE227C</string>
			<key>isa</key>
			<string>PBXBuildFile</string>
		</dict>
		<key>D47FF0801CDC8B6700DE227C</key>
		<dict>
			<key>isa</key>
			<string>PBXFileReference</string>
			<key>lastKnownFileType</key>
			<string>text.plist.xml</string>
			<key>path</key>
			<string>Info.plist</string>
			<key>sourceTree</key>
			<string>&lt;group&gt;</string>
		</dict>
		<key>D47FF0811CDC8B6700DE227C</key>
		<dict>
			<key>buildActionMask</key>
			<string>2147483647</string>
			<key>files</key>
			<array>
				<string>D47FF08A1CDC8B6700DE227C</string>
			</array>
			<key>isa</key>
			<string>PBXSourcesBuildPhase</string>
			<key>runOnlyForDeploymentPostprocessing</key>
			<string>0</string>
		</dict>
		<key>D47FF0821CDC8B6700DE227C</key>
		<dict>
			<key>buildActionMask</key>
			<string>2147483647</string>
			<key>files</key>
			<array/>
			<key>isa</key>
			<string>PBXFrameworksBuildPhase</string>
			<key>runOnlyForDeploymentPostprocessing</key>
			<string>0</string>
		</dict>
		<key>D47FF0831CDC8B6700DE227C</key>
		<dict>
			<key>buildActionMask</key>
			<string>2147483647</string>
			<key>files</key>
			<array/>
			<key>isa</key>
			<string>PBXResourcesBuildPhase</string>
			<key>runOnlyForDeploymentPostprocessing</key>
			<string>0</string>
		</dict>
		<key>D47FF0841CDC8B6700DE227C</key>
		<dict>
			<key>buildConfigurationList</key>
			<string>D47FF0941CDC8B6700DE227C</string>
			<key>buildPhases</key>
			<array>
				<string>D47FF0811CDC8B6700DE227C</string>
				<string>D47FF0821CDC8B6700DE227C</string>
				<string>D47FF0831CDC8B6700DE227C</string>
			</array>
			<key>buildRules</key>
			<array/>
			<key>dependencies</key>
			<array>
				<string>D47FF0871CDC8B6700DE227C</string>
			</array>
			<key>isa</key>
			<string>PBXNativeTarget</string>
			<key>name</key>
			<string>ZCSelfUSEUITests</string>
			<key>productName</key>
			<string>ZCSelfUSEUITests</string>
			<key>productReference</key>
			<string>D47FF0851CDC8B6700DE227C</string>
			<key>productType</key>
			<string>com.apple.product-type.bundle.ui-testing</string>
		</dict>
		<key>D47FF0851CDC8B6700DE227C</key>
		<dict>
			<key>explicitFileType</key>
			<string>wrapper.cfbundle</string>
			<key>includeInIndex</key>
			<string>0</string>
			<key>isa</key>
			<string>PBXFileReference</string>
			<key>path</key>
			<string>ZCSelfUSEUITests.xctest</string>
			<key>sourceTree</key>
			<string>BUILT_PRODUCTS_DIR</string>
		</dict>
		<key>D47FF0861CDC8B6700DE227C</key>
		<dict>
			<key>containerPortal</key>
			<string>D47FF0591CDC8B6700DE227C</string>
			<key>isa</key>
			<string>PBXContainerItemProxy</string>
			<key>proxyType</key>
			<string>1</string>
			<key>remoteGlobalIDString</key>
			<string>D47FF0601CDC8B6700DE227C</string>
			<key>remoteInfo</key>
			<string>ZCSelfUSE</string>
		</dict>
		<key>D47FF0871CDC8B6700DE227C</key>
		<dict>
			<key>isa</key>
			<string>PBXTargetDependency</string>
			<key>target</key>
			<string>D47FF0601CDC8B6700DE227C</string>
			<key>targetProxy</key>
			<string>D47FF0861CDC8B6700DE227C</string>
		</dict>
		<key>D47FF0881CDC8B6700DE227C</key>
		<dict>
			<key>children</key>
			<array>
				<string>D47FF0891CDC8B6700DE227C</string>
				<string>D47FF08B1CDC8B6700DE227C</string>
			</array>
			<key>isa</key>
			<string>PBXGroup</string>
			<key>path</key>
			<string>ZCSelfUSEUITests</string>
			<key>sourceTree</key>
			<string>&lt;group&gt;</string>
		</dict>
		<key>D47FF0891CDC8B6700DE227C</key>
		<dict>
			<key>isa</key>
			<string>PBXFileReference</string>
			<key>lastKnownFileType</key>
			<string>sourcecode.c.objc</string>
			<key>path</key>
			<string>ZCSelfUSEUITests.m</string>
			<key>sourceTree</key>
			<string>&lt;group&gt;</string>
		</dict>
		<key>D47FF08A1CDC8B6700DE227C</key>
		<dict>
			<key>fileRef</key>
			<string>D47FF0891CDC8B6700DE227C</string>
			<key>isa</key>
			<string>PBXBuildFile</string>
		</dict>
		<key>D47FF08B1CDC8B6700DE227C</key>
		<dict>
			<key>isa</key>
			<string>PBXFileReference</string>
			<key>lastKnownFileType</key>
			<string>text.plist.xml</string>
			<key>path</key>
			<string>Info.plist</string>
			<key>sourceTree</key>
			<string>&lt;group&gt;</string>
		</dict>
		<key>D47FF08C1CDC8B6700DE227C</key>
		<dict>
			<key>buildSettings</key>
			<dict>
				<key>ALWAYS_SEARCH_USER_PATHS</key>
				<string>NO</string>
				<key>CLANG_ANALYZER_NONNULL</key>
				<string>YES</string>
				<key>CLANG_CXX_LANGUAGE_STANDARD</key>
				<string>gnu++0x</string>
				<key>CLANG_CXX_LIBRARY</key>
				<string>libc++</string>
				<key>CLANG_ENABLE_MODULES</key>
				<string>YES</string>
				<key>CLANG_ENABLE_OBJC_ARC</key>
				<string>YES</string>
				<key>CLANG_WARN_BOOL_CONVERSION</key>
				<string>YES</string>
				<key>CLANG_WARN_CONSTANT_CONVERSION</key>
				<string>YES</string>
				<key>CLANG_WARN_DIRECT_OBJC_ISA_USAGE</key>
				<string>YES_ERROR</string>
				<key>CLANG_WARN_EMPTY_BODY</key>
				<string>YES</string>
				<key>CLANG_WARN_ENUM_CONVERSION</key>
				<string>YES</string>
				<key>CLANG_WARN_INT_CONVERSION</key>
				<string>YES</string>
				<key>CLANG_WARN_OBJC_ROOT_CLASS</key>
				<string>YES_ERROR</string>
				<key>CLANG_WARN_UNREACHABLE_CODE</key>
				<string>YES</string>
				<key>CLANG_WARN__DUPLICATE_METHOD_MATCH</key>
				<string>YES</string>
				<key>CODE_SIGN_IDENTITY[sdk=iphoneos*]</key>
				<string>iPhone Developer</string>
				<key>COPY_PHASE_STRIP</key>
				<string>NO</string>
				<key>DEBUG_INFORMATION_FORMAT</key>
				<string>dwarf</string>
				<key>ENABLE_STRICT_OBJC_MSGSEND</key>
				<string>YES</string>
				<key>ENABLE_TESTABILITY</key>
				<string>YES</string>
				<key>GCC_C_LANGUAGE_STANDARD</key>
				<string>gnu99</string>
				<key>GCC_DYNAMIC_NO_PIC</key>
				<string>NO</string>
				<key>GCC_NO_COMMON_BLOCKS</key>
				<string>YES</string>
				<key>GCC_OPTIMIZATION_LEVEL</key>
				<string>0</string>
				<key>GCC_PREPROCESSOR_DEFINITIONS</key>
				<array>
					<string>DEBUG=1</string>
					<string>$(inherited)</string>
				</array>
				<key>GCC_WARN_64_TO_32_BIT_CONVERSION</key>
				<string>YES</string>
				<key>GCC_WARN_ABOUT_RETURN_TYPE</key>
				<string>YES_ERROR</string>
				<key>GCC_WARN_UNDECLARED_SELECTOR</key>
				<string>YES</string>
				<key>GCC_WARN_UNINITIALIZED_AUTOS</key>
				<string>YES_AGGRESSIVE</string>
				<key>GCC_WARN_UNUSED_FUNCTION</key>
				<string>YES</string>
				<key>GCC_WARN_UNUSED_VARIABLE</key>
				<string>YES</string>
				<key>IPHONEOS_DEPLOYMENT_TARGET</key>
				<string>9.3</string>
				<key>MTL_ENABLE_DEBUG_INFO</key>
				<string>YES</string>
				<key>ONLY_ACTIVE_ARCH</key>
				<string>YES</string>
				<key>SDKROOT</key>
				<string>iphoneos</string>
				<key>TARGETED_DEVICE_FAMILY</key>
				<string>1,2</string>
			</dict>
			<key>isa</key>
			<string>XCBuildConfiguration</string>
			<key>name</key>
			<string>Debug</string>
		</dict>
		<key>D47FF08D1CDC8B6700DE227C</key>
		<dict>
			<key>buildSettings</key>
			<dict>
				<key>ALWAYS_SEARCH_USER_PATHS</key>
				<string>NO</string>
				<key>CLANG_ANALYZER_NONNULL</key>
				<string>YES</string>
				<key>CLANG_CXX_LANGUAGE_STANDARD</key>
				<string>gnu++0x</string>
				<key>CLANG_CXX_LIBRARY</key>
				<string>libc++</string>
				<key>CLANG_ENABLE_MODULES</key>
				<string>YES</string>
				<key>CLANG_ENABLE_OBJC_ARC</key>
				<string>YES</string>
				<key>CLANG_WARN_BOOL_CONVERSION</key>
				<string>YES</string>
				<key>CLANG_WARN_CONSTANT_CONVERSION</key>
				<string>YES</string>
				<key>CLANG_WARN_DIRECT_OBJC_ISA_USAGE</key>
				<string>YES_ERROR</string>
				<key>CLANG_WARN_EMPTY_BODY</key>
				<string>YES</string>
				<key>CLANG_WARN_ENUM_CONVERSION</key>
				<string>YES</string>
				<key>CLANG_WARN_INT_CONVERSION</key>
				<string>YES</string>
				<key>CLANG_WARN_OBJC_ROOT_CLASS</key>
				<string>YES_ERROR</string>
				<key>CLANG_WARN_UNREACHABLE_CODE</key>
				<string>YES</string>
				<key>CLANG_WARN__DUPLICATE_METHOD_MATCH</key>
				<string>YES</string>
				<key>CODE_SIGN_IDENTITY[sdk=iphoneos*]</key>
				<string>iPhone Developer</string>
				<key>COPY_PHASE_STRIP</key>
				<string>NO</string>
				<key>DEBUG_INFORMATION_FORMAT</key>
				<string>dwarf-with-dsym</string>
				<key>ENABLE_NS_ASSERTIONS</key>
				<string>NO</string>
				<key>ENABLE_STRICT_OBJC_MSGSEND</key>
				<string>YES</string>
				<key>GCC_C_LANGUAGE_STANDARD</key>
				<string>gnu99</string>
				<key>GCC_NO_COMMON_BLOCKS</key>
				<string>YES</string>
				<key>GCC_WARN_64_TO_32_BIT_CONVERSION</key>
				<string>YES</string>
				<key>GCC_WARN_ABOUT_RETURN_TYPE</key>
				<string>YES_ERROR</string>
				<key>GCC_WARN_UNDECLARED_SELECTOR</key>
				<string>YES</string>
				<key>GCC_WARN_UNINITIALIZED_AUTOS</key>
				<string>YES_AGGRESSIVE</string>
				<key>GCC_WARN_UNUSED_FUNCTION</key>
				<string>YES</string>
				<key>GCC_WARN_UNUSED_VARIABLE</key>
				<string>YES</string>
				<key>IPHONEOS_DEPLOYMENT_TARGET</key>
				<string>9.3</string>
				<key>MTL_ENABLE_DEBUG_INFO</key>
				<string>NO</string>
				<key>SDKROOT</key>
				<string>iphoneos</string>
				<key>TARGETED_DEVICE_FAMILY</key>
				<string>1,2</string>
				<key>VALIDATE_PRODUCT</key>
				<string>YES</string>
			</dict>
			<key>isa</key>
			<string>XCBuildConfiguration</string>
			<key>name</key>
			<string>Release</string>
		</dict>
		<key>D47FF08E1CDC8B6700DE227C</key>
		<dict>
			<key>buildConfigurations</key>
			<array>
				<string>D47FF08F1CDC8B6700DE227C</string>
				<string>D47FF0901CDC8B6700DE227C</string>
			</array>
			<key>defaultConfigurationIsVisible</key>
			<string>0</string>
			<key>defaultConfigurationName</key>
			<string>Release</string>
			<key>isa</key>
			<string>XCConfigurationList</string>
		</dict>
		<key>D47FF08F1CDC8B6700DE227C</key>
		<dict>
			<key>baseConfigurationReference</key>
			<string>ECE570E8BE4F59004740EC84</string>
			<key>buildSettings</key>
			<dict>
				<key>ASSETCATALOG_COMPILER_APPICON_NAME</key>
				<string>AppIcon</string>
				<key>CODE_SIGN_IDENTITY</key>
				<string>iPhone Developer</string>
				<key>INFOPLIST_FILE</key>
				<string>ZCSelfUSE/Info.plist</string>
				<key>IPHONEOS_DEPLOYMENT_TARGET</key>
				<string>9.3</string>
				<key>LD_RUNPATH_SEARCH_PATHS</key>
				<string>$(inherited) @executable_path/Frameworks</string>
				<key>PRODUCT_BUNDLE_IDENTIFIER</key>
				<string>com.icfcc.SelfUSE</string>
				<key>PRODUCT_NAME</key>
				<string>$(TARGET_NAME)</string>
			</dict>
			<key>isa</key>
			<string>XCBuildConfiguration</string>
			<key>name</key>
			<string>Debug</string>
		</dict>
		<key>D47FF0901CDC8B6700DE227C</key>
		<dict>
			<key>baseConfigurationReference</key>
			<string>E1BC15FC0800B28C0C0DAB74</string>
			<key>buildSettings</key>
			<dict>
				<key>ASSETCATALOG_COMPILER_APPICON_NAME</key>
				<string>AppIcon</string>
				<key>CODE_SIGN_IDENTITY</key>
				<string>iPhone Developer</string>
				<key>INFOPLIST_FILE</key>
				<string>ZCSelfUSE/Info.plist</string>
				<key>IPHONEOS_DEPLOYMENT_TARGET</key>
				<string>9.3</string>
				<key>LD_RUNPATH_SEARCH_PATHS</key>
				<string>$(inherited) @executable_path/Frameworks</string>
				<key>PRODUCT_BUNDLE_IDENTIFIER</key>
				<string>com.icfcc.SelfUSE</string>
				<key>PRODUCT_NAME</key>
				<string>$(TARGET_NAME)</string>
			</dict>
			<key>isa</key>
			<string>XCBuildConfiguration</string>
			<key>name</key>
			<string>Release</string>
		</dict>
		<key>D47FF0911CDC8B6700DE227C</key>
		<dict>
			<key>buildConfigurations</key>
			<array>
				<string>D47FF0921CDC8B6700DE227C</string>
				<string>D47FF0931CDC8B6700DE227C</string>
			</array>
			<key>defaultConfigurationIsVisible</key>
			<string>0</string>
			<key>defaultConfigurationName</key>
			<string>Release</string>
			<key>isa</key>
			<string>XCConfigurationList</string>
		</dict>
		<key>D47FF0921CDC8B6700DE227C</key>
		<dict>
			<key>buildSettings</key>
			<dict>
				<key>BUNDLE_LOADER</key>
				<string>$(TEST_HOST)</string>
				<key>INFOPLIST_FILE</key>
				<string>ZCSelfUSETests/Info.plist</string>
				<key>LD_RUNPATH_SEARCH_PATHS</key>
				<string>$(inherited) @executable_path/Frameworks @loader_path/Frameworks</string>
				<key>PRODUCT_BUNDLE_IDENTIFIER</key>
				<string>com.icfcc.ZCSelfUSETests</string>
				<key>PRODUCT_NAME</key>
				<string>$(TARGET_NAME)</string>
				<key>TEST_HOST</key>
				<string>$(BUILT_PRODUCTS_DIR)/ZCSelfUSE.app/ZCSelfUSE</string>
			</dict>
			<key>isa</key>
			<string>XCBuildConfiguration</string>
			<key>name</key>
			<string>Debug</string>
		</dict>
		<key>D47FF0931CDC8B6700DE227C</key>
		<dict>
			<key>buildSettings</key>
			<dict>
				<key>BUNDLE_LOADER</key>
				<string>$(TEST_HOST)</string>
				<key>INFOPLIST_FILE</key>
				<string>ZCSelfUSETests/Info.plist</string>
				<key>LD_RUNPATH_SEARCH_PATHS</key>
				<string>$(inherited) @executable_path/Frameworks @loader_path/Frameworks</string>
				<key>PRODUCT_BUNDLE_IDENTIFIER</key>
				<string>com.icfcc.ZCSelfUSETests</string>
				<key>PRODUCT_NAME</key>
				<string>$(TARGET_NAME)</string>
				<key>TEST_HOST</key>
				<string>$(BUILT_PRODUCTS_DIR)/ZCSelfUSE.app/ZCSelfUSE</string>
			</dict>
			<key>isa</key>
			<string>XCBuildConfiguration</string>
			<key>name</key>
			<string>Release</string>
		</dict>
		<key>D47FF0941CDC8B6700DE227C</key>
		<dict>
			<key>buildConfigurations</key>
			<array>
				<string>D47FF0951CDC8B6700DE227C</string>
				<string>D47FF0961CDC8B6700DE227C</string>
			</array>
			<key>defaultConfigurationIsVisible</key>
			<string>0</string>
			<key>defaultConfigurationName</key>
			<string>Release</string>
			<key>isa</key>
			<string>XCConfigurationList</string>
		</dict>
		<key>D47FF0951CDC8B6700DE227C</key>
		<dict>
			<key>buildSettings</key>
			<dict>
				<key>INFOPLIST_FILE</key>
				<string>ZCSelfUSEUITests/Info.plist</string>
				<key>LD_RUNPATH_SEARCH_PATHS</key>
				<string>$(inherited) @executable_path/Frameworks @loader_path/Frameworks</string>
				<key>PRODUCT_BUNDLE_IDENTIFIER</key>
				<string>com.icfcc.ZCSelfUSEUITests</string>
				<key>PRODUCT_NAME</key>
				<string>$(TARGET_NAME)</string>
				<key>TEST_TARGET_NAME</key>
				<string>ZCSelfUSE</string>
			</dict>
			<key>isa</key>
			<string>XCBuildConfiguration</string>
			<key>name</key>
			<string>Debug</string>
		</dict>
		<key>D47FF0961CDC8B6700DE227C</key>
		<dict>
			<key>buildSettings</key>
			<dict>
				<key>INFOPLIST_FILE</key>
				<string>ZCSelfUSEUITests/Info.plist</string>
				<key>LD_RUNPATH_SEARCH_PATHS</key>
				<string>$(inherited) @executable_path/Frameworks @loader_path/Frameworks</string>
				<key>PRODUCT_BUNDLE_IDENTIFIER</key>
				<string>com.icfcc.ZCSelfUSEUITests</string>
				<key>PRODUCT_NAME</key>
				<string>$(TARGET_NAME)</string>
				<key>TEST_TARGET_NAME</key>
				<string>ZCSelfUSE</string>
			</dict>
			<key>isa</key>
			<string>XCBuildConfiguration</string>
			<key>name</key>
			<string>Release</string>
		</dict>
		<key>D47FF0971CDC8C0100DE227C</key>
		<dict>
			<key>children</key>
			<array>
				<string>D47FF0981CDC8C0100DE227C</string>
				<string>D47FF0991CDC8C0100DE227C</string>
			</array>
			<key>isa</key>
			<string>PBXGroup</string>
			<key>path</key>
			<string>AppDelegate</string>
			<key>sourceTree</key>
			<string>&lt;group&gt;</string>
		</dict>
		<key>D47FF0981CDC8C0100DE227C</key>
		<dict>
			<key>fileEncoding</key>
			<string>4</string>
			<key>isa</key>
			<string>PBXFileReference</string>
			<key>lastKnownFileType</key>
			<string>sourcecode.c.h</string>
			<key>path</key>
			<string>AppDelegate.h</string>
			<key>sourceTree</key>
			<string>&lt;group&gt;</string>
		</dict>
		<key>D47FF0991CDC8C0100DE227C</key>
		<dict>
			<key>fileEncoding</key>
			<string>4</string>
			<key>isa</key>
			<string>PBXFileReference</string>
			<key>lastKnownFileType</key>
			<string>sourcecode.c.objc</string>
			<key>path</key>
			<string>AppDelegate.m</string>
			<key>sourceTree</key>
			<string>&lt;group&gt;</string>
		</dict>
		<key>D47FF09A1CDC8C0100DE227C</key>
		<dict>
			<key>fileRef</key>
			<string>D47FF0991CDC8C0100DE227C</string>
			<key>isa</key>
			<string>PBXBuildFile</string>
		</dict>
		<key>D47FF09B1CDC8C0E00DE227C</key>
		<dict>
			<key>children</key>
			<array>
				<string>D47FF09C1CDC8C0E00DE227C</string>
				<string>D47FF0A11CDC8C0E00DE227C</string>
			</array>
			<key>isa</key>
			<string>PBXGroup</string>
			<key>path</key>
			<string>Tools</string>
			<key>sourceTree</key>
			<string>&lt;group&gt;</string>
		</dict>
		<key>D47FF09C1CDC8C0E00DE227C</key>
		<dict>
			<key>children</key>
			<array>
				<string>D47FF09D1CDC8C0E00DE227C</string>
				<string>D47FF09E1CDC8C0E00DE227C</string>
				<string>D47FF09F1CDC8C0E00DE227C</string>
				<string>D47FF0A01CDC8C0E00DE227C</string>
			</array>
			<key>isa</key>
			<string>PBXGroup</string>
			<key>path</key>
			<string>Controller</string>
			<key>sourceTree</key>
			<string>&lt;group&gt;</string>
		</dict>
		<key>D47FF09D1CDC8C0E00DE227C</key>
		<dict>
			<key>fileEncoding</key>
			<string>4</string>
			<key>isa</key>
			<string>PBXFileReference</string>
			<key>lastKnownFileType</key>
			<string>sourcecode.c.h</string>
			<key>path</key>
			<string>ZCTableViewController.h</string>
			<key>sourceTree</key>
			<string>&lt;group&gt;</string>
		</dict>
		<key>D47FF09E1CDC8C0E00DE227C</key>
		<dict>
			<key>fileEncoding</key>
			<string>4</string>
			<key>isa</key>
			<string>PBXFileReference</string>
			<key>lastKnownFileType</key>
			<string>sourcecode.c.objc</string>
			<key>path</key>
			<string>ZCTableViewController.m</string>
			<key>sourceTree</key>
			<string>&lt;group&gt;</string>
		</dict>
		<key>D47FF09F1CDC8C0E00DE227C</key>
		<dict>
			<key>fileEncoding</key>
			<string>4</string>
			<key>isa</key>
			<string>PBXFileReference</string>
			<key>lastKnownFileType</key>
			<string>sourcecode.c.h</string>
			<key>path</key>
			<string>ZCViewController.h</string>
			<key>sourceTree</key>
			<string>&lt;group&gt;</string>
		</dict>
		<key>D47FF0A01CDC8C0E00DE227C</key>
		<dict>
			<key>fileEncoding</key>
			<string>4</string>
			<key>isa</key>
			<string>PBXFileReference</string>
			<key>lastKnownFileType</key>
			<string>sourcecode.c.objc</string>
			<key>path</key>
			<string>ZCViewController.m</string>
			<key>sourceTree</key>
			<string>&lt;group&gt;</string>
		</dict>
		<key>D47FF0A11CDC8C0E00DE227C</key>
		<dict>
			<key>children</key>
			<array>
				<string>D47FF0A21CDC8C0E00DE227C</string>
				<string>D47FF0A31CDC8C0E00DE227C</string>
				<string>D40ECEA21CEC7BAD005EE4CB</string>
				<string>D40ECEA31CEC7BAD005EE4CB</string>
				<string>D47FF0A41CDC8C0E00DE227C</string>
				<string>D47FF0A51CDC8C0E00DE227C</string>
				<string>D47FF0A61CDC8C0E00DE227C</string>
				<string>D47FF0A71CDC8C0E00DE227C</string>
				<string>D47FF0A81CDC8C0E00DE227C</string>
				<string>D47FF0A91CDC8C0E00DE227C</string>
				<string>D4D2E1521CE1DC64002E9FE2</string>
				<string>D4D2E1531CE1DC64002E9FE2</string>
				<string>D4D2E14F1CE1DC27002E9FE2</string>
				<string>D4D2E1501CE1DC27002E9FE2</string>
				<string>D4F9E01F1CF30E3E003462B3</string>
				<string>D4F9E0201CF30E3E003462B3</string>
				<string>D4E8855D1CE9D5DE006438E5</string>
				<string>D48871391CED578100CDD674</string>
				<string>D488713A1CED578100CDD674</string>
				<string>D488713C1CED587F00CDD674</string>
				<string>D488713D1CED587F00CDD674</string>
				<string>D488713F1CED595400CDD674</string>
				<string>D48871401CED595400CDD674</string>
				<string>D488714A1CED5CD500CDD674</string>
				<string>D488714B1CED5CD500CDD674</string>
				<string>D488714D1CED5D3600CDD674</string>
				<string>D488714E1CED5D3600CDD674</string>
			</array>
			<key>isa</key>
			<string>PBXGroup</string>
			<key>path</key>
			<string>Other</string>
			<key>sourceTree</key>
			<string>&lt;group&gt;</string>
		</dict>
		<key>D47FF0A21CDC8C0E00DE227C</key>
		<dict>
			<key>fileEncoding</key>
			<string>4</string>
			<key>isa</key>
			<string>PBXFileReference</string>
			<key>lastKnownFileType</key>
			<string>sourcecode.c.h</string>
			<key>path</key>
			<string>NSString+ZC_Regex.h</string>
			<key>sourceTree</key>
			<string>&lt;group&gt;</string>
		</dict>
		<key>D47FF0A31CDC8C0E00DE227C</key>
		<dict>
			<key>fileEncoding</key>
			<string>4</string>
			<key>isa</key>
			<string>PBXFileReference</string>
			<key>lastKnownFileType</key>
			<string>sourcecode.c.objc</string>
			<key>path</key>
			<string>NSString+ZC_Regex.m</string>
			<key>sourceTree</key>
			<string>&lt;group&gt;</string>
		</dict>
		<key>D47FF0A41CDC8C0E00DE227C</key>
		<dict>
			<key>fileEncoding</key>
			<string>4</string>
			<key>isa</key>
			<string>PBXFileReference</string>
			<key>lastKnownFileType</key>
			<string>sourcecode.c.h</string>
			<key>path</key>
			<string>ZC_AsynchronousBlock.h</string>
			<key>sourceTree</key>
			<string>&lt;group&gt;</string>
		</dict>
		<key>D47FF0A51CDC8C0E00DE227C</key>
		<dict>
			<key>fileEncoding</key>
			<string>4</string>
			<key>isa</key>
			<string>PBXFileReference</string>
			<key>lastKnownFileType</key>
			<string>sourcecode.c.objc</string>
			<key>path</key>
			<string>ZC_AsynchronousBlock.m</string>
			<key>sourceTree</key>
			<string>&lt;group&gt;</string>
		</dict>
		<key>D47FF0A61CDC8C0E00DE227C</key>
		<dict>
			<key>fileEncoding</key>
			<string>4</string>
			<key>isa</key>
			<string>PBXFileReference</string>
			<key>lastKnownFileType</key>
			<string>sourcecode.c.h</string>
			<key>path</key>
			<string>ZC_ScanLife.h</string>
			<key>sourceTree</key>
			<string>&lt;group&gt;</string>
		</dict>
		<key>D47FF0A71CDC8C0E00DE227C</key>
		<dict>
			<key>fileEncoding</key>
			<string>4</string>
			<key>isa</key>
			<string>PBXFileReference</string>
			<key>lastKnownFileType</key>
			<string>sourcecode.c.objc</string>
			<key>path</key>
			<string>ZC_ScanLife.m</string>
			<key>sourceTree</key>
			<string>&lt;group&gt;</string>
		</dict>
		<key>D47FF0A81CDC8C0E00DE227C</key>
		<dict>
			<key>fileEncoding</key>
			<string>4</string>
			<key>isa</key>
			<string>PBXFileReference</string>
			<key>lastKnownFileType</key>
			<string>sourcecode.c.h</string>
			<key>path</key>
			<string>ZCImageView.h</string>
			<key>sourceTree</key>
			<string>&lt;group&gt;</string>
		</dict>
		<key>D47FF0A91CDC8C0E00DE227C</key>
		<dict>
			<key>fileEncoding</key>
			<string>4</string>
			<key>isa</key>
			<string>PBXFileReference</string>
			<key>lastKnownFileType</key>
			<string>sourcecode.c.objc</string>
			<key>path</key>
			<string>ZCImageView.m</string>
			<key>sourceTree</key>
			<string>&lt;group&gt;</string>
		</dict>
		<key>D47FF0AA1CDC8C0E00DE227C</key>
		<dict>
			<key>fileRef</key>
			<string>D47FF09E1CDC8C0E00DE227C</string>
			<key>isa</key>
			<string>PBXBuildFile</string>
		</dict>
		<key>D47FF0AB1CDC8C0E00DE227C</key>
		<dict>
			<key>fileRef</key>
			<string>D47FF0A01CDC8C0E00DE227C</string>
			<key>isa</key>
			<string>PBXBuildFile</string>
		</dict>
		<key>D47FF0AC1CDC8C0E00DE227C</key>
		<dict>
			<key>fileRef</key>
			<string>D47FF0A31CDC8C0E00DE227C</string>
			<key>isa</key>
			<string>PBXBuildFile</string>
		</dict>
		<key>D47FF0AD1CDC8C0E00DE227C</key>
		<dict>
			<key>fileRef</key>
			<string>D47FF0A51CDC8C0E00DE227C</string>
			<key>isa</key>
			<string>PBXBuildFile</string>
		</dict>
		<key>D47FF0AE1CDC8C0E00DE227C</key>
		<dict>
			<key>fileRef</key>
			<string>D47FF0A71CDC8C0E00DE227C</string>
			<key>isa</key>
			<string>PBXBuildFile</string>
		</dict>
		<key>D47FF0AF1CDC8C0E00DE227C</key>
		<dict>
			<key>fileRef</key>
			<string>D47FF0A91CDC8C0E00DE227C</string>
			<key>isa</key>
			<string>PBXBuildFile</string>
		</dict>
		<key>D47FF0B01CDC8C3E00DE227C</key>
		<dict>
			<key>fileEncoding</key>
			<string>4</string>
			<key>isa</key>
			<string>PBXFileReference</string>
			<key>lastKnownFileType</key>
			<string>sourcecode.c.h</string>
			<key>path</key>
			<string>ViewController.h</string>
			<key>sourceTree</key>
			<string>&lt;group&gt;</string>
		</dict>
		<key>D47FF0B11CDC8C3E00DE227C</key>
		<dict>
			<key>fileEncoding</key>
			<string>4</string>
			<key>isa</key>
			<string>PBXFileReference</string>
			<key>lastKnownFileType</key>
			<string>sourcecode.c.objc</string>
			<key>path</key>
			<string>ViewController.m</string>
			<key>sourceTree</key>
			<string>&lt;group&gt;</string>
		</dict>
		<key>D47FF0B21CDC8C3E00DE227C</key>
		<dict>
			<key>fileRef</key>
			<string>D47FF0B11CDC8C3E00DE227C</string>
			<key>isa</key>
			<string>PBXBuildFile</string>
		</dict>
		<key>D48871391CED578100CDD674</key>
		<dict>
			<key>fileEncoding</key>
			<string>4</string>
			<key>isa</key>
			<string>PBXFileReference</string>
			<key>lastKnownFileType</key>
			<string>sourcecode.c.h</string>
			<key>path</key>
			<string>ZCTool_AES.h</string>
			<key>sourceTree</key>
			<string>&lt;group&gt;</string>
		</dict>
		<key>D488713A1CED578100CDD674</key>
		<dict>
			<key>fileEncoding</key>
			<string>4</string>
			<key>isa</key>
			<string>PBXFileReference</string>
			<key>lastKnownFileType</key>
			<string>sourcecode.c.objc</string>
			<key>path</key>
			<string>ZCTool_AES.m</string>
			<key>sourceTree</key>
			<string>&lt;group&gt;</string>
		</dict>
		<key>D488713B1CED578100CDD674</key>
		<dict>
			<key>fileRef</key>
			<string>D488713A1CED578100CDD674</string>
			<key>isa</key>
			<string>PBXBuildFile</string>
		</dict>
		<key>D488713C1CED587F00CDD674</key>
		<dict>
			<key>fileEncoding</key>
			<string>4</string>
			<key>isa</key>
			<string>PBXFileReference</string>
			<key>lastKnownFileType</key>
			<string>sourcecode.c.h</string>
			<key>path</key>
			<string>ZCTool_Base64.h</string>
			<key>sourceTree</key>
			<string>&lt;group&gt;</string>
		</dict>
		<key>D488713D1CED587F00CDD674</key>
		<dict>
			<key>fileEncoding</key>
			<string>4</string>
			<key>isa</key>
			<string>PBXFileReference</string>
			<key>lastKnownFileType</key>
			<string>sourcecode.c.objc</string>
			<key>path</key>
			<string>ZCTool_Base64.m</string>
			<key>sourceTree</key>
			<string>&lt;group&gt;</string>
		</dict>
		<key>D488713E1CED587F00CDD674</key>
		<dict>
			<key>fileRef</key>
			<string>D488713D1CED587F00CDD674</string>
			<key>isa</key>
			<string>PBXBuildFile</string>
		</dict>
		<key>D488713F1CED595400CDD674</key>
		<dict>
			<key>fileEncoding</key>
			<string>4</string>
			<key>isa</key>
			<string>PBXFileReference</string>
			<key>lastKnownFileType</key>
			<string>sourcecode.c.h</string>
			<key>path</key>
			<string>ZCTool_Des.h</string>
			<key>sourceTree</key>
			<string>&lt;group&gt;</string>
		</dict>
		<key>D48871401CED595400CDD674</key>
		<dict>
			<key>fileEncoding</key>
			<string>4</string>
			<key>isa</key>
			<string>PBXFileReference</string>
			<key>lastKnownFileType</key>
			<string>sourcecode.c.objc</string>
			<key>path</key>
			<string>ZCTool_Des.m</string>
			<key>sourceTree</key>
			<string>&lt;group&gt;</string>
		</dict>
		<key>D48871411CED595400CDD674</key>
		<dict>
			<key>fileRef</key>
			<string>D48871401CED595400CDD674</string>
			<key>isa</key>
			<string>PBXBuildFile</string>
		</dict>
		<key>D488714A1CED5CD500CDD674</key>
		<dict>
			<key>fileEncoding</key>
			<string>4</string>
			<key>isa</key>
			<string>PBXFileReference</string>
			<key>lastKnownFileType</key>
			<string>sourcecode.c.h</string>
			<key>path</key>
			<string>ZCTool_Md5.h</string>
			<key>sourceTree</key>
			<string>&lt;group&gt;</string>
		</dict>
		<key>D488714B1CED5CD500CDD674</key>
		<dict>
			<key>fileEncoding</key>
			<string>4</string>
			<key>isa</key>
			<string>PBXFileReference</string>
			<key>lastKnownFileType</key>
			<string>sourcecode.c.objc</string>
			<key>path</key>
			<string>ZCTool_Md5.m</string>
			<key>sourceTree</key>
			<string>&lt;group&gt;</string>
		</dict>
		<key>D488714C1CED5CD500CDD674</key>
		<dict>
			<key>fileRef</key>
			<string>D488714B1CED5CD500CDD674</string>
			<key>isa</key>
			<string>PBXBuildFile</string>
		</dict>
		<key>D488714D1CED5D3600CDD674</key>
		<dict>
			<key>fileEncoding</key>
			<string>4</string>
			<key>isa</key>
			<string>PBXFileReference</string>
			<key>lastKnownFileType</key>
			<string>sourcecode.c.h</string>
			<key>path</key>
			<string>ZCTool_SHA1.h</string>
			<key>sourceTree</key>
			<string>&lt;group&gt;</string>
		</dict>
		<key>D488714E1CED5D3600CDD674</key>
		<dict>
			<key>fileEncoding</key>
			<string>4</string>
			<key>isa</key>
			<string>PBXFileReference</string>
			<key>lastKnownFileType</key>
			<string>sourcecode.c.objc</string>
			<key>path</key>
			<string>ZCTool_SHA1.m</string>
			<key>sourceTree</key>
			<string>&lt;group&gt;</string>
		</dict>
		<key>D488714F1CED5D3600CDD674</key>
		<dict>
			<key>fileRef</key>
			<string>D488714E1CED5D3600CDD674</string>
			<key>isa</key>
			<string>PBXBuildFile</string>
		</dict>
		<key>D4D2E14F1CE1DC27002E9FE2</key>
		<dict>
			<key>fileEncoding</key>
			<string>4</string>
			<key>isa</key>
			<string>PBXFileReference</string>
			<key>lastKnownFileType</key>
			<string>sourcecode.c.h</string>
			<key>path</key>
			<string>UIView+Category.h</string>
			<key>sourceTree</key>
			<string>&lt;group&gt;</string>
		</dict>
		<key>D4D2E1501CE1DC27002E9FE2</key>
		<dict>
			<key>fileEncoding</key>
			<string>4</string>
			<key>isa</key>
			<string>PBXFileReference</string>
			<key>lastKnownFileType</key>
			<string>sourcecode.c.objc</string>
			<key>path</key>
			<string>UIView+Category.m</string>
			<key>sourceTree</key>
			<string>&lt;group&gt;</string>
		</dict>
		<key>D4D2E1511CE1DC27002E9FE2</key>
		<dict>
			<key>fileRef</key>
			<string>D4D2E1501CE1DC27002E9FE2</string>
			<key>isa</key>
			<string>PBXBuildFile</string>
		</dict>
		<key>D4D2E1521CE1DC64002E9FE2</key>
		<dict>
			<key>fileEncoding</key>
			<string>4</string>
			<key>isa</key>
			<string>PBXFileReference</string>
			<key>lastKnownFileType</key>
			<string>sourcecode.c.h</string>
			<key>path</key>
			<string>ZCRecordTool.h</string>
			<key>sourceTree</key>
			<string>&lt;group&gt;</string>
		</dict>
		<key>D4D2E1531CE1DC64002E9FE2</key>
		<dict>
			<key>fileEncoding</key>
			<string>4</string>
			<key>isa</key>
			<string>PBXFileReference</string>
			<key>lastKnownFileType</key>
			<string>sourcecode.c.objc</string>
			<key>path</key>
			<string>ZCRecordTool.m</string>
			<key>sourceTree</key>
			<string>&lt;group&gt;</string>
		</dict>
		<key>D4D2E1541CE1DC64002E9FE2</key>
		<dict>
			<key>fileRef</key>
			<string>D4D2E1531CE1DC64002E9FE2</string>
			<key>isa</key>
			<string>PBXBuildFile</string>
		</dict>
		<key>D4E8855D1CE9D5DE006438E5</key>
		<dict>
			<key>isa</key>
			<string>PBXFileReference</string>
			<key>lastKnownFileType</key>
			<string>sourcecode.c.h</string>
			<key>path</key>
			<string>SharedHeader.h</string>
			<key>sourceTree</key>
			<string>&lt;group&gt;</string>
		</dict>
		<key>D4F9E01F1CF30E3E003462B3</key>
		<dict>
			<key>fileEncoding</key>
			<string>4</string>
			<key>isa</key>
			<string>PBXFileReference</string>
			<key>lastKnownFileType</key>
			<string>sourcecode.c.h</string>
			<key>path</key>
			<string>UIView+Masonry_ZC.h</string>
			<key>sourceTree</key>
			<string>&lt;group&gt;</string>
		</dict>
		<key>D4F9E0201CF30E3E003462B3</key>
		<dict>
			<key>fileEncoding</key>
			<string>4</string>
			<key>isa</key>
			<string>PBXFileReference</string>
			<key>lastKnownFileType</key>
			<string>sourcecode.c.objc</string>
			<key>path</key>
			<string>UIView+Masonry_ZC.m</string>
			<key>sourceTree</key>
			<string>&lt;group&gt;</string>
		</dict>
		<key>D4F9E0211CF30E3E003462B3</key>
		<dict>
			<key>fileRef</key>
			<string>D4F9E0201CF30E3E003462B3</string>
			<key>isa</key>
			<string>PBXBuildFile</string>
		</dict>
		<key>E1BC15FC0800B28C0C0DAB74</key>
		<dict>
			<key>includeInIndex</key>
			<string>1</string>
			<key>isa</key>
			<string>PBXFileReference</string>
			<key>lastKnownFileType</key>
			<string>text.xcconfig</string>
			<key>name</key>
			<string>Pods.release.xcconfig</string>
			<key>path</key>
			<string>Pods/Target Support Files/Pods/Pods.release.xcconfig</string>
			<key>sourceTree</key>
			<string>&lt;group&gt;</string>
		</dict>
		<key>ECE570E8BE4F59004740EC84</key>
		<dict>
			<key>includeInIndex</key>
			<string>1</string>
			<key>isa</key>
			<string>PBXFileReference</string>
			<key>lastKnownFileType</key>
			<string>text.xcconfig</string>
			<key>name</key>
			<string>Pods.debug.xcconfig</string>
			<key>path</key>
			<string>Pods/Target Support Files/Pods/Pods.debug.xcconfig</string>
			<key>sourceTree</key>
			<string>&lt;group&gt;</string>
		</dict>
	</dict>
	<key>rootObject</key>
	<string>D47FF0591CDC8B6700DE227C</string>
</dict>
</plist>
